
Microsoft Visual Studio Solution File, Format Version 12.00
# Visual Studio Version 16
VisualStudioVersion = 16.0.31005.135
MinimumVisualStudioVersion = 10.0.40219.1
Project("{9A19103F-16F7-4668-BE54-9A1E7A4F7556}") = "WebApi", "WebApi\WebApi.csproj", "{21A7057C-9AB0-4BAB-AB7B-6E733459C02D}"
EndProject
Project("{FAE04EC0-301F-11D3-BF4B-00C04F79EFBC}") = "Web", "Web\Web.csproj", "{3C29C9E4-B35D-468B-AB37-5D08E80FA46A}"
EndProject
Global
	GlobalSection(SolutionConfigurationPlatforms) = preSolution
		Debug|Any CPU = Debug|Any CPU
		Release|Any CPU = Release|Any CPU
	EndGlobalSection
	GlobalSection(ProjectConfigurationPlatforms) = postSolution
		{21A7057C-9AB0-4BAB-AB7B-6E733459C02D}.Debug|Any CPU.ActiveCfg = Debug|Any CPU
		{21A7057C-9AB0-4BAB-AB7B-6E733459C02D}.Debug|Any CPU.Build.0 = Debug|Any CPU
		{21A7057C-9AB0-4BAB-AB7B-6E733459C02D}.Release|Any CPU.ActiveCfg = Release|Any CPU
		{21A7057C-9AB0-4BAB-AB7B-6E733459C02D}.Release|Any CPU.Build.0 = Release|Any CPU
		{3C29C9E4-B35D-468B-AB37-5D08E80FA46A}.Debug|Any CPU.ActiveCfg = Debug|Any CPU
		{3C29C9E4-B35D-468B-AB37-5D08E80FA46A}.Debug|Any CPU.Build.0 = Debug|Any CPU
		{3C29C9E4-B35D-468B-AB37-5D08E80FA46A}.Release|Any CPU.ActiveCfg = Release|Any CPU
		{3C29C9E4-B35D-468B-AB37-5D08E80FA46A}.Release|Any CPU.Build.0 = Release|Any CPU
	EndGlobalSection
	GlobalSection(SolutionProperties) = preSolution
		HideSolutionNode = FALSE
	EndGlobalSection
	GlobalSection(ExtensibilityGlobals) = postSolution
		SolutionGuid = {B9643B5E-95C9-44EC-B268-61E438D3FA93}
	EndGlobalSection
EndGlobal
